<?xml version="1.0" encoding="utf-8"?>
<Project ToolsVersion="4.0" xmlns="http://schemas.microsoft.com/developer/msbuild/2003">
  <ItemGroup>
    <Filter Include="源文件">
      <UniqueIdentifier>{4FC737F1-C7A5-4376-A066-2A32D752A2FF}</UniqueIdentifier>
      <Extensions>cpp;c;cc;cxx;c++;cppm;ixx;def;odl;idl;hpj;bat;asm;asmx</Extensions>
    </Filter>
    <Filter Include="头文件">
      <UniqueIdentifier>{93995380-89BD-4b04-88EB-625FBE52EBFB}</UniqueIdentifier>
      <Extensions>h;hh;hpp;hxx;h++;hm;inl;inc;ipp;xsd</Extensions>
    </Filter>
    <Filter Include="资源文件">
      <UniqueIdentifier>{67DA6AB6-F800-4c08-8B7A-83BB121AAD01}</UniqueIdentifier>
      <Extensions>rc;ico;cur;bmp;dlg;rc2;rct;bin;rgs;gif;jpg;jpeg;jpe;resx;tiff;tif;png;wav;mfcribbon-ms</Extensions>
    </Filter>
  </ItemGroup>
  <ItemGroup>
    <ClCompile Include="reverse_linkedList.cpp">
      <Filter>源文件</Filter>
    </ClCompile>
    <ClCompile Include="longest_substring_without_repeating_characters.cpp">
      <Filter>源文件</Filter>
    </ClCompile>
    <ClCompile Include="amp.cpp">
      <Filter>源文件</Filter>
    </ClCompile>
    <ClCompile Include="find_nums_repeat_K.cpp">
      <Filter>源文件</Filter>
    </ClCompile>
    <ClCompile Include="remove_specific_position_in_linkedlist.cpp">
      <Filter>源文件</Filter>
    </ClCompile>
    <ClCompile Include="LRU.cpp">
      <Filter>源文件</Filter>
    </ClCompile>
    <ClCompile Include="Kth_Largest_Element_in_an_array.cpp">
      <Filter>源文件</Filter>
    </ClCompile>
    <ClCompile Include="Reverse_nodes_in_kGroup.cpp">
      <Filter>源文件</Filter>
    </ClCompile>
    <ClCompile Include="sum_3_nums.cpp">
      <Filter>源文件</Filter>
    </ClCompile>
    <ClCompile Include="quick_sort.cpp">
      <Filter>源文件</Filter>
    </ClCompile>
    <ClCompile Include="merge_two_list.cpp">
      <Filter>源文件</Filter>
    </ClCompile>
    <ClCompile Include="binary_tree_traversal.cpp">
      <Filter>源文件</Filter>
    </ClCompile>
    <ClCompile Include="two_sum.cpp">
      <Filter>源文件</Filter>
    </ClCompile>
    <ClCompile Include="longest_palindrome.cpp">
      <Filter>源文件</Filter>
    </ClCompile>
    <ClCompile Include="search_in_rotated_sorted_array.cpp">
      <Filter>源文件</Filter>
    </ClCompile>
    <ClCompile Include="generate_parentheses.cpp">
      <Filter>源文件</Filter>
    </ClCompile>
    <ClCompile Include="jump_game.cpp">
      <Filter>源文件</Filter>
    </ClCompile>
    <ClCompile Include="jump_game2.cpp">
      <Filter>源文件</Filter>
    </ClCompile>
    <ClCompile Include="随机抽奖_腾讯.cpp">
      <Filter>源文件</Filter>
    </ClCompile>
  </ItemGroup>
</Project>